
Microsoft Visual Studio Solution File, Format Version 12.00
# Visual Studio Version 17
VisualStudioVersion = 17.0.31903.59
MinimumVisualStudioVersion = 10.0.40219.1
Project("{2150E333-8FDC-42A3-9474-1A3956D46DE8}") = "src", "src", "{827E0CD3-B72D-47B6-A68D-7590B98EB39B}"
EndProject
Project("{FAE04EC0-301F-11D3-BF4B-00C04F79EFBC}") = "GitHubIntelligenceService.Api", "src\GitHubIntelligenceService.Api\GitHubIntelligenceService.Api.csproj", "{A2B0432E-8262-49EB-954B-5683439BF62C}"
EndProject
Project("{FAE04EC0-301F-11D3-BF4B-00C04F79EFBC}") = "GitHubIntelligenceService.Application", "src\GitHubIntelligenceService.Application\GitHubIntelligenceService.Application.csproj", "{4E9AB6E0-065B-4FC8-B317-F132145D3B1A}"
EndProject
Project("{FAE04EC0-301F-11D3-BF4B-00C04F79EFBC}") = "GitHubIntelligenceService.Domain", "src\GitHubIntelligenceService.Domain\GitHubIntelligenceService.Domain.csproj", "{ADADAFB7-FE81-444D-AC4F-955EABEECA13}"
EndProject
Project("{FAE04EC0-301F-11D3-BF4B-00C04F79EFBC}") = "GitHubIntelligenceService.Infrastructure", "src\GitHubIntelligenceService.Infrastructure\GitHubIntelligenceService.Infrastructure.csproj", "{4F495CC7-FD4B-43CE-8D95-247D26FD2739}"
EndProject
Global
	GlobalSection(SolutionConfigurationPlatforms) = preSolution
		Debug|Any CPU = Debug|Any CPU
		Debug|x64 = Debug|x64
		Debug|x86 = Debug|x86
		Release|Any CPU = Release|Any CPU
		Release|x64 = Release|x64
		Release|x86 = Release|x86
	EndGlobalSection
	GlobalSection(ProjectConfigurationPlatforms) = postSolution
		{A2B0432E-8262-49EB-954B-5683439BF62C}.Debug|Any CPU.ActiveCfg = Debug|Any CPU
		{A2B0432E-8262-49EB-954B-5683439BF62C}.Debug|Any CPU.Build.0 = Debug|Any CPU
		{A2B0432E-8262-49EB-954B-5683439BF62C}.Debug|x64.ActiveCfg = Debug|Any CPU
		{A2B0432E-8262-49EB-954B-5683439BF62C}.Debug|x64.Build.0 = Debug|Any CPU
		{A2B0432E-8262-49EB-954B-5683439BF62C}.Debug|x86.ActiveCfg = Debug|Any CPU
		{A2B0432E-8262-49EB-954B-5683439BF62C}.Debug|x86.Build.0 = Debug|Any CPU
		{A2B0432E-8262-49EB-954B-5683439BF62C}.Release|Any CPU.ActiveCfg = Release|Any CPU
		{A2B0432E-8262-49EB-954B-5683439BF62C}.Release|Any CPU.Build.0 = Release|Any CPU
		{A2B0432E-8262-49EB-954B-5683439BF62C}.Release|x64.ActiveCfg = Release|Any CPU
		{A2B0432E-8262-49EB-954B-5683439BF62C}.Release|x64.Build.0 = Release|Any CPU
		{A2B0432E-8262-49EB-954B-5683439BF62C}.Release|x86.ActiveCfg = Release|Any CPU
		{A2B0432E-8262-49EB-954B-5683439BF62C}.Release|x86.Build.0 = Release|Any CPU
		{4E9AB6E0-065B-4FC8-B317-F132145D3B1A}.Debug|Any CPU.ActiveCfg = Debug|Any CPU
		{4E9AB6E0-065B-4FC8-B317-F132145D3B1A}.Debug|Any CPU.Build.0 = Debug|Any CPU
		{4E9AB6E0-065B-4FC8-B317-F132145D3B1A}.Debug|x64.ActiveCfg = Debug|Any CPU
		{4E9AB6E0-065B-4FC8-B317-F132145D3B1A}.Debug|x64.Build.0 = Debug|Any CPU
		{4E9AB6E0-065B-4FC8-B317-F132145D3B1A}.Debug|x86.ActiveCfg = Debug|Any CPU
		{4E9AB6E0-065B-4FC8-B317-F132145D3B1A}.Debug|x86.Build.0 = Debug|Any CPU
		{4E9AB6E0-065B-4FC8-B317-F132145D3B1A}.Release|Any CPU.ActiveCfg = Release|Any CPU
		{4E9AB6E0-065B-4FC8-B317-F132145D3B1A}.Release|Any CPU.Build.0 = Release|Any CPU
		{4E9AB6E0-065B-4FC8-B317-F132145D3B1A}.Release|x64.ActiveCfg = Release|Any CPU
		{4E9AB6E0-065B-4FC8-B317-F132145D3B1A}.Release|x64.Build.0 = Release|Any CPU
		{4E9AB6E0-065B-4FC8-B317-F132145D3B1A}.Release|x86.ActiveCfg = Release|Any CPU
		{4E9AB6E0-065B-4FC8-B317-F132145D3B1A}.Release|x86.Build.0 = Release|Any CPU
		{ADADAFB7-FE81-444D-AC4F-955EABEECA13}.Debug|Any CPU.ActiveCfg = Debug|Any CPU
		{ADADAFB7-FE81-444D-AC4F-955EABEECA13}.Debug|Any CPU.Build.0 = Debug|Any CPU
		{ADADAFB7-FE81-444D-AC4F-955EABEECA13}.Debug|x64.ActiveCfg = Debug|Any CPU
		{ADADAFB7-FE81-444D-AC4F-955EABEECA13}.Debug|x64.Build.0 = Debug|Any CPU
		{ADADAFB7-FE81-444D-AC4F-955EABEECA13}.Debug|x86.ActiveCfg = Debug|Any CPU
		{ADADAFB7-FE81-444D-AC4F-955EABEECA13}.Debug|x86.Build.0 = Debug|Any CPU
		{ADADAFB7-FE81-444D-AC4F-955EABEECA13}.Release|Any CPU.ActiveCfg = Release|Any CPU
		{ADADAFB7-FE81-444D-AC4F-955EABEECA13}.Release|Any CPU.Build.0 = Release|Any CPU
		{ADADAFB7-FE81-444D-AC4F-955EABEECA13}.Release|x64.ActiveCfg = Release|Any CPU
		{ADADAFB7-FE81-444D-AC4F-955EABEECA13}.Release|x64.Build.0 = Release|Any CPU
		{ADADAFB7-FE81-444D-AC4F-955EABEECA13}.Release|x86.ActiveCfg = Release|Any CPU
		{ADADAFB7-FE81-444D-AC4F-955EABEECA13}.Release|x86.Build.0 = Release|Any CPU
		{4F495CC7-FD4B-43CE-8D95-247D26FD2739}.Debug|Any CPU.ActiveCfg = Debug|Any CPU
		{4F495CC7-FD4B-43CE-8D95-247D26FD2739}.Debug|Any CPU.Build.0 = Debug|Any CPU
		{4F495CC7-FD4B-43CE-8D95-247D26FD2739}.Debug|x64.ActiveCfg = Debug|Any CPU
		{4F495CC7-FD4B-43CE-8D95-247D26FD2739}.Debug|x64.Build.0 = Debug|Any CPU
		{4F495CC7-FD4B-43CE-8D95-247D26FD2739}.Debug|x86.ActiveCfg = Debug|Any CPU
		{4F495CC7-FD4B-43CE-8D95-247D26FD2739}.Debug|x86.Build.0 = Debug|Any CPU
		{4F495CC7-FD4B-43CE-8D95-247D26FD2739}.Release|Any CPU.ActiveCfg = Release|Any CPU
		{4F495CC7-FD4B-43CE-8D95-247D26FD2739}.Release|Any CPU.Build.0 = Release|Any CPU
		{4F495CC7-FD4B-43CE-8D95-247D26FD2739}.Release|x64.ActiveCfg = Release|Any CPU
		{4F495CC7-FD4B-43CE-8D95-247D26FD2739}.Release|x64.Build.0 = Release|Any CPU
		{4F495CC7-FD4B-43CE-8D95-247D26FD2739}.Release|x86.ActiveCfg = Release|Any CPU
		{4F495CC7-FD4B-43CE-8D95-247D26FD2739}.Release|x86.Build.0 = Release|Any CPU
	EndGlobalSection
	GlobalSection(SolutionProperties) = preSolution
		HideSolutionNode = FALSE
	EndGlobalSection
	GlobalSection(NestedProjects) = preSolution
		{A2B0432E-8262-49EB-954B-5683439BF62C} = {827E0CD3-B72D-47B6-A68D-7590B98EB39B}
		{4E9AB6E0-065B-4FC8-B317-F132145D3B1A} = {827E0CD3-B72D-47B6-A68D-7590B98EB39B}
		{ADADAFB7-FE81-444D-AC4F-955EABEECA13} = {827E0CD3-B72D-47B6-A68D-7590B98EB39B}
		{4F495CC7-FD4B-43CE-8D95-247D26FD2739} = {827E0CD3-B72D-47B6-A68D-7590B98EB39B}
	EndGlobalSection
EndGlobal
